
Microsoft Visual Studio Solution File, Format Version 12.00
# Visual Studio Version 16
VisualStudioVersion = 16.0.30709.132
MinimumVisualStudioVersion = 10.0.40219.1
Project("{9A19103F-16F7-4668-BE54-9A1E7A4F7556}") = "Shos.Chatter.Server", "Shos.Chatter.Server\Shos.Chatter.Server.csproj", "{3C2C8ABF-DB9E-4259-BD38-0EAC0323BAFE}"
EndProject
Project("{9A19103F-16F7-4668-BE54-9A1E7A4F7556}") = "Shos.Chatter.Wpf", "Shos.Chatter.Wpf\Shos.Chatter.Wpf.csproj", "{93907C12-F374-440B-9862-DB4FCCBFE3F5}"
EndProject
Global
	GlobalSection(SolutionConfigurationPlatforms) = preSolution
		Debug|Any CPU = Debug|Any CPU
		Release|Any CPU = Release|Any CPU
	EndGlobalSection
	GlobalSection(ProjectConfigurationPlatforms) = postSolution
		{3C2C8ABF-DB9E-4259-BD38-0EAC0323BAFE}.Debug|Any CPU.ActiveCfg = Debug|Any CPU
		{3C2C8ABF-DB9E-4259-BD38-0EAC0323BAFE}.Debug|Any CPU.Build.0 = Debug|Any CPU
		{3C2C8ABF-DB9E-4259-BD38-0EAC0323BAFE}.Release|Any CPU.ActiveCfg = Release|Any CPU
		{3C2C8ABF-DB9E-4259-BD38-0EAC0323BAFE}.Release|Any CPU.Build.0 = Release|Any CPU
		{93907C12-F374-440B-9862-DB4FCCBFE3F5}.Debug|Any CPU.ActiveCfg = Debug|Any CPU
		{93907C12-F374-440B-9862-DB4FCCBFE3F5}.Debug|Any CPU.Build.0 = Debug|Any CPU
		{93907C12-F374-440B-9862-DB4FCCBFE3F5}.Release|Any CPU.ActiveCfg = Release|Any CPU
		{93907C12-F374-440B-9862-DB4FCCBFE3F5}.Release|Any CPU.Build.0 = Release|Any CPU
	EndGlobalSection
	GlobalSection(SolutionProperties) = preSolution
		HideSolutionNode = FALSE
	EndGlobalSection
	GlobalSection(ExtensibilityGlobals) = postSolution
		SolutionGuid = {515844EF-8E91-4880-9590-244776F9DF56}
	EndGlobalSection
EndGlobal
